
Microsoft Visual Studio Solution File, Format Version 12.00
# Visual Studio Version 17
VisualStudioVersion = 17.14.36221.1
MinimumVisualStudioVersion = 10.0.40219.1
Project("{A07B5EB6-E848-4116-A8D0-A826331D98C6}") = "TravelPlanning", "TravelPlanning\TravelPlanning.sfproj", "{B525E8BD-68BC-4ADB-864F-BBB594ABD7EC}"
EndProject
Project("{FAE04EC0-301F-11D3-BF4B-00C04F79EFBC}") = "Web_Api", "Web_Api\Web_Api.csproj", "{E22BF134-5AC2-42C1-8BAA-D6972873F2A9}"
EndProject
Project("{FAE04EC0-301F-11D3-BF4B-00C04F79EFBC}") = "UserService", "UserService\UserService.csproj", "{A05DA3C3-8EBF-44E3-A451-5BC2B31D8695}"
EndProject
Project("{FAE04EC0-301F-11D3-BF4B-00C04F79EFBC}") = "Common", "Common\Common.csproj", "{DA7ECA4E-C786-490D-9C01-04A7E5B06C92}"
EndProject
Project("{FAE04EC0-301F-11D3-BF4B-00C04F79EFBC}") = "TravelPlanService", "TravelPlanService\TravelPlanService.csproj", "{7837919E-D37B-42FD-8D2C-836579C236F5}"
EndProject
Project("{FAE04EC0-301F-11D3-BF4B-00C04F79EFBC}") = "FinanceService", "FinanceService\FinanceService.csproj", "{7E7788BB-6E9F-42F2-9FF8-232D2C05F485}"
EndProject
Project("{FAE04EC0-301F-11D3-BF4B-00C04F79EFBC}") = "ChecklistService", "ChecklistService\ChecklistService.csproj", "{BEF5A089-05B2-4121-B5F4-90E7690EBB2F}"
EndProject
Project("{FAE04EC0-301F-11D3-BF4B-00C04F79EFBC}") = "MailingService", "MailingService\MailingService.csproj", "{393C57CF-A1A2-4F49-95A4-9531EB2D13D7}"
EndProject
Global
	GlobalSection(SolutionConfigurationPlatforms) = preSolution
		Debug|Any CPU = Debug|Any CPU
		Debug|x64 = Debug|x64
		Release|Any CPU = Release|Any CPU
		Release|x64 = Release|x64
	EndGlobalSection
	GlobalSection(ProjectConfigurationPlatforms) = postSolution
		{B525E8BD-68BC-4ADB-864F-BBB594ABD7EC}.Debug|Any CPU.ActiveCfg = Debug|x64
		{B525E8BD-68BC-4ADB-864F-BBB594ABD7EC}.Debug|Any CPU.Build.0 = Debug|x64
		{B525E8BD-68BC-4ADB-864F-BBB594ABD7EC}.Debug|Any CPU.Deploy.0 = Debug|x64
		{B525E8BD-68BC-4ADB-864F-BBB594ABD7EC}.Debug|x64.ActiveCfg = Debug|x64
		{B525E8BD-68BC-4ADB-864F-BBB594ABD7EC}.Debug|x64.Build.0 = Debug|x64
		{B525E8BD-68BC-4ADB-864F-BBB594ABD7EC}.Debug|x64.Deploy.0 = Debug|x64
		{B525E8BD-68BC-4ADB-864F-BBB594ABD7EC}.Release|Any CPU.ActiveCfg = Release|x64
		{B525E8BD-68BC-4ADB-864F-BBB594ABD7EC}.Release|Any CPU.Build.0 = Release|x64
		{B525E8BD-68BC-4ADB-864F-BBB594ABD7EC}.Release|Any CPU.Deploy.0 = Release|x64
		{B525E8BD-68BC-4ADB-864F-BBB594ABD7EC}.Release|x64.ActiveCfg = Release|x64
		{B525E8BD-68BC-4ADB-864F-BBB594ABD7EC}.Release|x64.Build.0 = Release|x64
		{B525E8BD-68BC-4ADB-864F-BBB594ABD7EC}.Release|x64.Deploy.0 = Release|x64
		{E22BF134-5AC2-42C1-8BAA-D6972873F2A9}.Debug|Any CPU.ActiveCfg = Debug|Any CPU
		{E22BF134-5AC2-42C1-8BAA-D6972873F2A9}.Debug|Any CPU.Build.0 = Debug|Any CPU
		{E22BF134-5AC2-42C1-8BAA-D6972873F2A9}.Debug|x64.ActiveCfg = Debug|Any CPU
		{E22BF134-5AC2-42C1-8BAA-D6972873F2A9}.Debug|x64.Build.0 = Debug|Any CPU
		{E22BF134-5AC2-42C1-8BAA-D6972873F2A9}.Release|Any CPU.ActiveCfg = Release|Any CPU
		{E22BF134-5AC2-42C1-8BAA-D6972873F2A9}.Release|Any CPU.Build.0 = Release|Any CPU
		{E22BF134-5AC2-42C1-8BAA-D6972873F2A9}.Release|x64.ActiveCfg = Release|Any CPU
		{E22BF134-5AC2-42C1-8BAA-D6972873F2A9}.Release|x64.Build.0 = Release|Any CPU
		{A05DA3C3-8EBF-44E3-A451-5BC2B31D8695}.Debug|Any CPU.ActiveCfg = Debug|Any CPU
		{A05DA3C3-8EBF-44E3-A451-5BC2B31D8695}.Debug|Any CPU.Build.0 = Debug|Any CPU
		{A05DA3C3-8EBF-44E3-A451-5BC2B31D8695}.Debug|x64.ActiveCfg = Debug|Any CPU
		{A05DA3C3-8EBF-44E3-A451-5BC2B31D8695}.Debug|x64.Build.0 = Debug|Any CPU
		{A05DA3C3-8EBF-44E3-A451-5BC2B31D8695}.Release|Any CPU.ActiveCfg = Release|Any CPU
		{A05DA3C3-8EBF-44E3-A451-5BC2B31D8695}.Release|Any CPU.Build.0 = Release|Any CPU
		{A05DA3C3-8EBF-44E3-A451-5BC2B31D8695}.Release|x64.ActiveCfg = Release|Any CPU
		{A05DA3C3-8EBF-44E3-A451-5BC2B31D8695}.Release|x64.Build.0 = Release|Any CPU
		{DA7ECA4E-C786-490D-9C01-04A7E5B06C92}.Debug|Any CPU.ActiveCfg = Debug|Any CPU
		{DA7ECA4E-C786-490D-9C01-04A7E5B06C92}.Debug|Any CPU.Build.0 = Debug|Any CPU
		{DA7ECA4E-C786-490D-9C01-04A7E5B06C92}.Debug|x64.ActiveCfg = Debug|Any CPU
		{DA7ECA4E-C786-490D-9C01-04A7E5B06C92}.Debug|x64.Build.0 = Debug|Any CPU
		{DA7ECA4E-C786-490D-9C01-04A7E5B06C92}.Release|Any CPU.ActiveCfg = Release|Any CPU
		{DA7ECA4E-C786-490D-9C01-04A7E5B06C92}.Release|Any CPU.Build.0 = Release|Any CPU
		{DA7ECA4E-C786-490D-9C01-04A7E5B06C92}.Release|x64.ActiveCfg = Release|Any CPU
		{DA7ECA4E-C786-490D-9C01-04A7E5B06C92}.Release|x64.Build.0 = Release|Any CPU
		{7837919E-D37B-42FD-8D2C-836579C236F5}.Debug|Any CPU.ActiveCfg = Debug|Any CPU
		{7837919E-D37B-42FD-8D2C-836579C236F5}.Debug|Any CPU.Build.0 = Debug|Any CPU
		{7837919E-D37B-42FD-8D2C-836579C236F5}.Debug|x64.ActiveCfg = Debug|Any CPU
		{7837919E-D37B-42FD-8D2C-836579C236F5}.Debug|x64.Build.0 = Debug|Any CPU
		{7837919E-D37B-42FD-8D2C-836579C236F5}.Release|Any CPU.ActiveCfg = Release|Any CPU
		{7837919E-D37B-42FD-8D2C-836579C236F5}.Release|Any CPU.Build.0 = Release|Any CPU
		{7837919E-D37B-42FD-8D2C-836579C236F5}.Release|x64.ActiveCfg = Release|Any CPU
		{7837919E-D37B-42FD-8D2C-836579C236F5}.Release|x64.Build.0 = Release|Any CPU
		{7E7788BB-6E9F-42F2-9FF8-232D2C05F485}.Debug|Any CPU.ActiveCfg = Debug|Any CPU
		{7E7788BB-6E9F-42F2-9FF8-232D2C05F485}.Debug|Any CPU.Build.0 = Debug|Any CPU
		{7E7788BB-6E9F-42F2-9FF8-232D2C05F485}.Debug|x64.ActiveCfg = Debug|Any CPU
		{7E7788BB-6E9F-42F2-9FF8-232D2C05F485}.Debug|x64.Build.0 = Debug|Any CPU
		{7E7788BB-6E9F-42F2-9FF8-232D2C05F485}.Release|Any CPU.ActiveCfg = Release|Any CPU
		{7E7788BB-6E9F-42F2-9FF8-232D2C05F485}.Release|Any CPU.Build.0 = Release|Any CPU
		{7E7788BB-6E9F-42F2-9FF8-232D2C05F485}.Release|x64.ActiveCfg = Release|Any CPU
		{7E7788BB-6E9F-42F2-9FF8-232D2C05F485}.Release|x64.Build.0 = Release|Any CPU
		{BEF5A089-05B2-4121-B5F4-90E7690EBB2F}.Debug|Any CPU.ActiveCfg = Debug|Any CPU
		{BEF5A089-05B2-4121-B5F4-90E7690EBB2F}.Debug|Any CPU.Build.0 = Debug|Any CPU
		{BEF5A089-05B2-4121-B5F4-90E7690EBB2F}.Debug|x64.ActiveCfg = Debug|Any CPU
		{BEF5A089-05B2-4121-B5F4-90E7690EBB2F}.Debug|x64.Build.0 = Debug|Any CPU
		{BEF5A089-05B2-4121-B5F4-90E7690EBB2F}.Release|Any CPU.ActiveCfg = Release|Any CPU
		{BEF5A089-05B2-4121-B5F4-90E7690EBB2F}.Release|Any CPU.Build.0 = Release|Any CPU
		{BEF5A089-05B2-4121-B5F4-90E7690EBB2F}.Release|x64.ActiveCfg = Release|Any CPU
		{BEF5A089-05B2-4121-B5F4-90E7690EBB2F}.Release|x64.Build.0 = Release|Any CPU
		{393C57CF-A1A2-4F49-95A4-9531EB2D13D7}.Debug|Any CPU.ActiveCfg = Debug|Any CPU
		{393C57CF-A1A2-4F49-95A4-9531EB2D13D7}.Debug|Any CPU.Build.0 = Debug|Any CPU
		{393C57CF-A1A2-4F49-95A4-9531EB2D13D7}.Debug|x64.ActiveCfg = Debug|Any CPU
		{393C57CF-A1A2-4F49-95A4-9531EB2D13D7}.Debug|x64.Build.0 = Debug|Any CPU
		{393C57CF-A1A2-4F49-95A4-9531EB2D13D7}.Release|Any CPU.ActiveCfg = Release|Any CPU
		{393C57CF-A1A2-4F49-95A4-9531EB2D13D7}.Release|Any CPU.Build.0 = Release|Any CPU
		{393C57CF-A1A2-4F49-95A4-9531EB2D13D7}.Release|x64.ActiveCfg = Release|Any CPU
		{393C57CF-A1A2-4F49-95A4-9531EB2D13D7}.Release|x64.Build.0 = Release|Any CPU
	EndGlobalSection
	GlobalSection(SolutionProperties) = preSolution
		HideSolutionNode = FALSE
	EndGlobalSection
	GlobalSection(ExtensibilityGlobals) = postSolution
		SolutionGuid = {4E6AE6B4-BC5A-4261-9CB0-2EB1944935B5}
	EndGlobalSection
EndGlobal
